{
  "name": "odysseus",
  "lockfileVersion": 3,
  "requires": true,
  "packages": {
    "": {
      "devDependencies": {
        "@antithesishq/bombadil": "^0.7.5"
      }
    },
    "node_modules/@antithesishq/bombadil": {
      "version": "0.7.5",
      "resolved": "https://registry.npmjs.org/@antithesishq/bombadil/-/bombadil-0.7.5.tgz",
      "integrity": "sha512-CoY4GkJnBhqcWpW3TTnSFFmFa3e0JJYRV7fdzYIrSf+2jdxt+CXbjZDj14Fv90AqPRVWFRdbvp/lSzAbVweNDg==",
      "dev": true,
      "license": "MIT",
      "bin": {
        "bombadil": "bin/bombadil.js"
      }
    }
  }
}
